
Microsoft Visual Studio Solution File, Format Version 12.00
# Visual Studio Version 17
VisualStudioVersion = 17.10.35027.167
MinimumVisualStudioVersion = 10.0.40219.1
Project("{FAE04EC0-301F-11D3-BF4B-00C04F79EFBC}") = "Exercise 2", "Exercise 2\Exercise 2.csproj", "{74B66A4C-3239-42D3-8EE9-93343AB1746B}"
EndProject
Global
	GlobalSection(SolutionConfigurationPlatforms) = preSolution
		Debug|Any CPU = Debug|Any CPU
		Release|Any CPU = Release|Any CPU
	EndGlobalSection
	GlobalSection(ProjectConfigurationPlatforms) = postSolution
		{74B66A4C-3239-42D3-8EE9-93343AB1746B}.Debug|Any CPU.ActiveCfg = Debug|Any CPU
		{74B66A4C-3239-42D3-8EE9-93343AB1746B}.Debug|Any CPU.Build.0 = Debug|Any CPU
		{74B66A4C-3239-42D3-8EE9-93343AB1746B}.Release|Any CPU.ActiveCfg = Release|Any CPU
		{74B66A4C-3239-42D3-8EE9-93343AB1746B}.Release|Any CPU.Build.0 = Release|Any CPU
	EndGlobalSection
	GlobalSection(SolutionProperties) = preSolution
		HideSolutionNode = FALSE
	EndGlobalSection
	GlobalSection(ExtensibilityGlobals) = postSolution
		SolutionGuid = {618A9401-4011-4F2F-A003-A0FCEF9E4E70}
	EndGlobalSection
EndGlobal
