
Microsoft Visual Studio Solution File, Format Version 12.00
# Visual Studio Version 17
VisualStudioVersion = 17.5.002.0
MinimumVisualStudioVersion = 10.0.40219.1
Project("{9A19103F-16F7-4668-BE54-9A1E7A4F7556}") = "Forma-Geometrica", "Forma-Geometrica.csproj", "{CDCB5798-2C15-4F99-837A-D99032232BF4}"
EndProject
Global
	GlobalSection(SolutionConfigurationPlatforms) = preSolution
		Debug|Any CPU = Debug|Any CPU
		Release|Any CPU = Release|Any CPU
	EndGlobalSection
	GlobalSection(ProjectConfigurationPlatforms) = postSolution
		{CDCB5798-2C15-4F99-837A-D99032232BF4}.Debug|Any CPU.ActiveCfg = Debug|Any CPU
		{CDCB5798-2C15-4F99-837A-D99032232BF4}.Debug|Any CPU.Build.0 = Debug|Any CPU
		{CDCB5798-2C15-4F99-837A-D99032232BF4}.Release|Any CPU.ActiveCfg = Release|Any CPU
		{CDCB5798-2C15-4F99-837A-D99032232BF4}.Release|Any CPU.Build.0 = Release|Any CPU
	EndGlobalSection
	GlobalSection(SolutionProperties) = preSolution
		HideSolutionNode = FALSE
	EndGlobalSection
	GlobalSection(ExtensibilityGlobals) = postSolution
		SolutionGuid = {A6199C51-1BA7-4850-B2B9-306883E60BB3}
	EndGlobalSection
EndGlobal
